
Microsoft Visual Studio Solution File, Format Version 12.00
# Visual Studio Version 16
VisualStudioVersion = 16.0.31624.102
MinimumVisualStudioVersion = 10.0.40219.1
Project("{FAE04EC0-301F-11D3-BF4B-00C04F79EFBC}") = "DKControllerWPF", "DKControllerWPF\DKControllerWPF.csproj", "{834EF4F7-B159-4551-B142-6EA658FFBF5E}"
EndProject
Global
	GlobalSection(SolutionConfigurationPlatforms) = preSolution
		Debug|Any CPU = Debug|Any CPU
		Release|Any CPU = Release|Any CPU
	EndGlobalSection
	GlobalSection(ProjectConfigurationPlatforms) = postSolution
		{834EF4F7-B159-4551-B142-6EA658FFBF5E}.Debug|Any CPU.ActiveCfg = Debug|Any CPU
		{834EF4F7-B159-4551-B142-6EA658FFBF5E}.Debug|Any CPU.Build.0 = Debug|Any CPU
		{834EF4F7-B159-4551-B142-6EA658FFBF5E}.Release|Any CPU.ActiveCfg = Release|Any CPU
		{834EF4F7-B159-4551-B142-6EA658FFBF5E}.Release|Any CPU.Build.0 = Release|Any CPU
	EndGlobalSection
	GlobalSection(SolutionProperties) = preSolution
		HideSolutionNode = FALSE
	EndGlobalSection
	GlobalSection(ExtensibilityGlobals) = postSolution
		SolutionGuid = {3879D052-B3BE-4207-9510-7AE309B8FABF}
	EndGlobalSection
EndGlobal
